
Microsoft Visual Studio Solution File, Format Version 11.00
# Visual Studio 2010
Project("{FAE04EC0-301F-11D3-BF4B-00C04F79EFBC}") = "VideoUpload2010", "VideoUpload2010\VideoUpload2010.csproj", "{CF2E9A14-19D2-42BD-BA4B-AB88C11E0E57}"
EndProject
Global
	GlobalSection(SolutionConfigurationPlatforms) = preSolution
		Debug|Any CPU = Debug|Any CPU
		Release|Any CPU = Release|Any CPU
	EndGlobalSection
	GlobalSection(ProjectConfigurationPlatforms) = postSolution
		{CF2E9A14-19D2-42BD-BA4B-AB88C11E0E57}.Debug|Any CPU.ActiveCfg = Debug|Any CPU
		{CF2E9A14-19D2-42BD-BA4B-AB88C11E0E57}.Debug|Any CPU.Build.0 = Debug|Any CPU
		{CF2E9A14-19D2-42BD-BA4B-AB88C11E0E57}.Release|Any CPU.ActiveCfg = Release|Any CPU
		{CF2E9A14-19D2-42BD-BA4B-AB88C11E0E57}.Release|Any CPU.Build.0 = Release|Any CPU
	EndGlobalSection
	GlobalSection(SolutionProperties) = preSolution
		HideSolutionNode = FALSE
	EndGlobalSection
EndGlobal
